// !$*UTF8*$!
{
	archiveVersion = 1;
	classes = {
	};
	objectVersion = 46;
	objects = {

/* Begin PBXBuildFile section */
		4CACC0001F2B923900CC63F1 /* AppDelegate.swift in Sources */ = {isa = PBXBuildFile; fileRef = 4CACBFFF1F2B923900CC63F1 /* AppDelegate.swift */; };
		4CACC0021F2B923900CC63F1 /* ViewController.swift in Sources */ = {isa = PBXBuildFile; fileRef = 4CACC0011F2B923900CC63F1 /* ViewController.swift */; };
		4CACC0051F2B923A00CC63F1 /* Main.storyboard in Resources */ = {isa = PBXBuildFile; fileRef = 4CACC0031F2B923A00CC63F1 /* Main.storyboard */; };
		4CACC0071F2B923A00CC63F1 /* Assets.xcassets in Resources */ = {isa = PBXBuildFile; fileRef = 4CACC0061F2B923A00CC63F1 /* Assets.xcassets */; };
		4CACC00A1F2B923A00CC63F1 /* LaunchScreen.storyboard in Resources */ = {isa = PBXBuildFile; fileRef = 4CACC0081F2B923A00CC63F1 /* LaunchScreen.storyboard */; };
		4CACC0121F2B945700CC63F1 /* Madhushree Birthday Pic.png in Resources */ = {isa = PBXBuildFile; fileRef = 4CACC0111F2B945700CC63F1 /* Madhushree Birthday Pic.png */; };
/* End PBXBuildFile section */

/* Begin PBXFileReference section */
		4CACBFFC1F2B923900CC63F1 /* PhotoFilters.app */ = {isa = PBXFileReference; explicitFileType = wrapper.application; includeInIndex = 0; path = PhotoFilters.app; sourceTree = BUILT_PRODUCTS_DIR; };
		4CACBFFF1F2B923900CC63F1 /* AppDelegate.swift */ = {isa = PBXFileReference; lastKnownFileType = sourcecode.swift; path = AppDelegate.swift; sourceTree = "<group>"; };
		4CACC0011F2B923900CC63F1 /* ViewController.swift */ = {isa = PBXFileReference; lastKnownFileType = sourcecode.swift; path = ViewController.swift; sourceTree = "<group>"; };
		4CACC0041F2B923A00CC63F1 /* Base */ = {isa = PBXFileReference; lastKnownFileType = file.storyboard; name = Base; path = Base.lproj/Main.storyboard; sourceTree = "<group>"; };
		4CACC0061F2B923A00CC63F1 /* Assets.xcassets */ = {isa = PBXFileReference; lastKnownFileType = folder.assetcatalog; path = Assets.xcassets; sourceTree = "<group>"; };
		4CACC0091F2B923A00CC63F1 /* Base */ = {isa = PBXFileReference; lastKnownFileType = file.storyboard; name = Base; path = Base.lproj/LaunchScreen.storyboard; sourceTree = "<group>"; };
		4CACC00B1F2B923A00CC63F1 /* Info.plist */ = {isa = PBXFileReference; lastKnownFileType = text.plist.xml; path = Info.plist; sourceTree = "<group>"; };
		4CACC0111F2B945700CC63F1 /* Madhushree Birthday Pic.png */ = {isa = PBXFileReference; lastKnownFileType = image.png; path = "Madhushree Birthday Pic.png"; sourceTree = "<group>"; };
/* End PBXFileReference section */

/* Begin PBXFrameworksBuildPhase section */
		4CACBFF91F2B923900CC63F1 /* Frameworks */ = {
			isa = PBXFrameworksBuildPhase;
			buildActionMask = 2147483647;
			files = (
			);
			runOnlyForDeploymentPostprocessing = 0;
		};
/* End PBXFrameworksBuildPhase section */

/* Begin PBXGroup section */
		4CACBFF31F2B923900CC63F1 = {
			isa = PBXGroup;
			children = (
				4CACBFFE1F2B923900CC63F1 /* PhotoFilters */,
				4CACBFFD1F2B923900CC63F1 /* Products */,
			);
			sourceTree = "<group>";
		};
		4CACBFFD1F2B923900CC63F1 /* Products */ = {
			isa = PBXGroup;
			children = (
				4CACBFFC1F2B923900CC63F1 /* PhotoFilters.app */,
			);
			name = Products;
			sourceTree = "<group>";
		};
		4CACBFFE1F2B923900CC63F1 /* PhotoFilters */ = {
			isa = PBXGroup;
			children = (
				4CACC0111F2B945700CC63F1 /* Madhushree Birthday Pic.png */,
				4CACBFFF1F2B923900CC63F1 /* AppDelegate.swift */,
				4CACC0011F2B923900CC63F1 /* ViewController.swift */,
				4CACC0031F2B923A00CC63F1 /* Main.storyboard */,
				4CACC0061F2B923A00CC63F1 /* Assets.xcassets */,
				4CACC0081F2B923A00CC63F1 /* LaunchScreen.storyboard */,
				4CACC00B1F2B923A00CC63F1 /* Info.plist */,
			);
			path = PhotoFilters;
			sourceTree = "<group>";
		};
/* End PBXGroup section */

/* Begin PBXNativeTarget section */
		4CACBFFB1F2B923900CC63F1 /* PhotoFilters */ = {
			isa = PBXNativeTarget;
			buildConfigurationList = 4CACC00E1F2B923A00CC63F1 /* Build configuration list for PBXNativeTarget "PhotoFilters" */;
			buildPhases = (
				4CACBFF81F2B923900CC63F1 /* Sources */,
				4CACBFF91F2B923900CC63F1 /* Frameworks */,
				4CACBFFA1F2B923900CC63F1 /* Resources */,
			);
			buildRules = (
			);
			dependencies = (
			);
			name = PhotoFilters;
			productName = PhotoFilters;
			productReference = 4CACBFFC1F2B923900CC63F1 /* PhotoFilters.app */;
			productType = "com.apple.product-type.application";
		};
/* End PBXNativeTarget section */

/* Begin PBXProject section */
		4CACBFF41F2B923900CC63F1 /* Project object */ = {
			isa = PBXProject;
			attributes = {
				LastSwiftUpdateCheck = 0830;
				LastUpgradeCheck = 0830;
				ORGANIZATIONNAME = AmolTDhage;
				TargetAttributes = {
					4CACBFFB1F2B923900CC63F1 = {
						CreatedOnToolsVersion = 8.3.3;
						DevelopmentTeam = 95K25LC8UT;
						ProvisioningStyle = Automatic;
					};
				};
			};
			buildConfigurationList = 4CACBFF71F2B923900CC63F1 /* Build configuration list for PBXProject "PhotoFilters" */;
			compatibilityVersion = "Xcode 3.2";
			developmentRegion = English;
			hasScannedForEncodings = 0;
			knownRegions = (
				en,
				Base,
			);
			mainGroup = 4CACBFF31F2B923900CC63F1;
			productRefGroup = 4CACBFFD1F2B923900CC63F1 /* Products */;
			projectDirPath = "";
			projectRoot = "";
			targets = (
				4CACBFFB1F2B923900CC63F1 /* PhotoFilters */,
			);
		};
/* End PBXProject section */

/* Begin PBXResourcesBuildPhase section */
		4CACBFFA1F2B923900CC63F1 /* Resources */ = {
			isa = PBXResourcesBuildPhase;
			buildActionMask = 2147483647;
			files = (
				4CACC00A1F2B923A00CC63F1 /* LaunchScreen.storyboard in Resources */,
				4CACC0071F2B923A00CC63F1 /* Assets.xcassets in Resources */,
				4CACC0051F2B923A00CC63F1 /* Main.storyboard in Resources */,
				4CACC0121F2B945700CC63F1 /* Madhushree Birthday Pic.png in Resources */,
			);
			runOnlyForDeploymentPostprocessing = 0;
		};
/* End PBXResourcesBuildPhase section */

/* Begin PBXSourcesBuildPhase section */
		4CACBFF81F2B923900CC63F1 /* Sources */ = {
			isa = PBXSourcesBuildPhase;
			buildActionMask = 2147483647;
			files = (
				4CACC0021F2B923900CC63F1 /* ViewController.swift in Sources */,
				4CACC0001F2B923900CC63F1 /* AppDelegate.swift in Sources */,
			);
			runOnlyForDeploymentPostprocessing = 0;
		};
/* End PBXSourcesBuildPhase section */

/* Begin PBXVariantGroup section */
		4CACC0031F2B923A00CC63F1 /* Main.storyboard */ = {
			isa = PBXVariantGroup;
			children = (
				4CACC0041F2B923A00CC63F1 /* Base */,
			);
			name = Main.storyboard;
			sourceTree = "<group>";
		};
		4CACC0081F2B923A00CC63F1 /* LaunchScreen.storyboard */ = {
			isa = PBXVariantGroup;
			children = (
				4CACC0091F2B923A00CC63F1 /* Base */,
			);
			name = LaunchScreen.storyboard;
			sourceTree = "<group>";
		};
/* End PBXVariantGroup section */

/* Begin XCBuildConfiguration section */
		4CACC00C1F2B923A00CC63F1 /* Debug */ = {
			isa = XCBuildConfiguration;
			buildSettings = {
				ALWAYS_SEARCH_USER_PATHS = NO;
				CLANG_ANALYZER_NONNULL = YES;
				CLANG_ANALYZER_NUMBER_OBJECT_CONVERSION = YES_AGGRESSIVE;
				CLANG_CXX_LANGUAGE_STANDARD = "gnu++0x";
				CLANG_CXX_LIBRARY = "libc++";
				CLANG_ENABLE_MODULES = YES;
				CLANG_ENABLE_OBJC_ARC = YES;
				CLANG_WARN_BOOL_CONVERSION = YES;
				CLANG_WARN_CONSTANT_CONVERSION = YES;
				CLANG_WARN_DIRECT_OBJC_ISA_USAGE = YES_ERROR;
				CLANG_WARN_DOCUMENTATION_COMMENTS = YES;
				CLANG_WARN_EMPTY_BODY = YES;
				CLANG_WARN_ENUM_CONVERSION = YES;
				CLANG_WARN_INFINITE_RECURSION = YES;
				CLANG_WARN_INT_CONVERSION = YES;
				CLANG_WARN_OBJC_ROOT_CLASS = YES_ERROR;
				CLANG_WARN_SUSPICIOUS_MOVE = YES;
				CLANG_WARN_UNREACHABLE_CODE = YES;
				CLANG_WARN__DUPLICATE_METHOD_MATCH = YES;
				"CODE_SIGN_IDENTITY[sdk=iphoneos*]" = "iPhone Developer";
				COPY_PHASE_STRIP = NO;
				DEBUG_INFORMATION_FORMAT = dwarf;
				ENABLE_STRICT_OBJC_MSGSEND = YES;
				ENABLE_TESTABILITY = YES;
				GCC_C_LANGUAGE_STANDARD = gnu99;
				GCC_DYNAMIC_NO_PIC = NO;
				GCC_NO_COMMON_BLOCKS = YES;
				GCC_OPTIMIZATION_LEVEL = 0;
				GCC_PREPROCESSOR_DEFINITIONS = (
					"DEBUG=1",
					"$(inherited)",
				);
				GCC_WARN_64_TO_32_BIT_CONVERSION = YES;
				GCC_WARN_ABOUT_RETURN_TYPE = YES_ERROR;
				GCC_WARN_UNDECLARED_SELECTOR = YES;
				GCC_WARN_UNINITIALIZED_AUTOS = YES_AGGRESSIVE;
				GCC_WARN_UNUSED_FUNCTION = YES;
				GCC_WARN_UNUSED_VARIABLE = YES;
				IPHONEOS_DEPLOYMENT_TARGET = 10.3;
				MTL_ENABLE_DEBUG_INFO = YES;
				ONLY_ACTIVE_ARCH = YES;
				SDKROOT = iphoneos;
				SWIFT_ACTIVE_COMPILATION_CONDITIONS = DEBUG;
				SWIFT_OPTIMIZATION_LEVEL = "-Onone";
				TARGETED_DEVICE_FAMILY = "1,2";
			};
			name = Debug;
		};
		4CACC00D1F2B923A00CC63F1 /* Release */ = {
			isa = XCBuildConfiguration;
			buildSettings = {
				ALWAYS_SEARCH_USER_PATHS = NO;
				CLANG_ANALYZER_NONNULL = YES;
				CLANG_ANALYZER_NUMBER_OBJECT_CONVERSION = YES_AGGRESSIVE;
				CLANG_CXX_LANGUAGE_STANDARD = "gnu++0x";
				CLANG_CXX_LIBRARY = "libc++";
				CLANG_ENABLE_MODULES = YES;
				CLANG_ENABLE_OBJC_ARC = YES;
				CLANG_WARN_BOOL_CONVERSION = YES;
				CLANG_WARN_CONSTANT_CONVERSION = YES;
				CLANG_WARN_DIRECT_OBJC_ISA_USAGE = YES_ERROR;
				CLANG_WARN_DOCUMENTATION_COMMENTS = YES;
				CLANG_WARN_EMPTY_BODY = YES;
				CLANG_WARN_ENUM_CONVERSION = YES;
				CLANG_WARN_INFINITE_RECURSION = YES;
				CLANG_WARN_INT_CONVERSION = YES;
				CLANG_WARN_OBJC_ROOT_CLASS = YES_ERROR;
				CLANG_WARN_SUSPICIOUS_MOVE = YES;
				CLANG_WARN_UNREACHABLE_CODE = YES;
				CLANG_WARN__DUPLICATE_METHOD_MATCH = YES;
				"CODE_SIGN_IDENTITY[sdk=iphoneos*]" = "iPhone Developer";
				COPY_PHASE_STRIP = NO;
				DEBUG_INFORMATION_FORMAT = "dwarf-with-dsym";
				ENABLE_NS_ASSERTIONS = NO;
				ENABLE_STRICT_OBJC_MSGSEND = YES;
				GCC_C_LANGUAGE_STANDARD = gnu99;
				GCC_NO_COMMON_BLOCKS = YES;
				GCC_WARN_64_TO_32_BIT_CONVERSION = YES;
				GCC_WARN_ABOUT_RETURN_TYPE = YES_ERROR;
				GCC_WARN_UNDECLARED_SELECTOR = YES;
				GCC_WARN_UNINITIALIZED_AUTOS = YES_AGGRESSIVE;
				GCC_WARN_UNUSED_FUNCTION = YES;
				GCC_WARN_UNUSED_VARIABLE = YES;
				IPHONEOS_DEPLOYMENT_TARGET = 10.3;
				MTL_ENABLE_DEBUG_INFO = NO;
				SDKROOT = iphoneos;
				SWIFT_OPTIMIZATION_LEVEL = "-Owholemodule";
				TARGETED_DEVICE_FAMILY = "1,2";
				VALIDATE_PRODUCT = YES;
			};
			name = Release;
		};
		4CACC00F1F2B923A00CC63F1 /* Debug */ = {
			isa = XCBuildConfiguration;
			buildSettings = {
				ASSETCATALOG_COMPILER_APPICON_NAME = AppIcon;
				DEVELOPMENT_TEAM = 95K25LC8UT;
				INFOPLIST_FILE = PhotoFilters/Info.plist;
				LD_RUNPATH_SEARCH_PATHS = "$(inherited) @executable_path/Frameworks";
				PRODUCT_BUNDLE_IDENTIFIER = com.amoltdhage.PhotoFilters;
				PRODUCT_NAME = "$(TARGET_NAME)";
				SWIFT_VERSION = 3.0;
			};
			name = Debug;
		};
		4CACC0101F2B923A00CC63F1 /* Release */ = {
			isa = XCBuildConfiguration;
			buildSettings = {
				ASSETCATALOG_COMPILER_APPICON_NAME = AppIcon;
				DEVELOPMENT_TEAM = 95K25LC8UT;
				INFOPLIST_FILE = PhotoFilters/Info.plist;
				LD_RUNPATH_SEARCH_PATHS = "$(inherited) @executable_path/Frameworks";
				PRODUCT_BUNDLE_IDENTIFIER = com.amoltdhage.PhotoFilters;
				PRODUCT_NAME = "$(TARGET_NAME)";
				SWIFT_VERSION = 3.0;
			};
			name = Release;
		};
/* End XCBuildConfiguration section */

/* Begin XCConfigurationList section */
		4CACBFF71F2B923900CC63F1 /* Build configuration list for PBXProject "PhotoFilters" */ = {
			isa = XCConfigurationList;
			buildConfigurations = (
				4CACC00C1F2B923A00CC63F1 /* Debug */,
				4CACC00D1F2B923A00CC63F1 /* Release */,
			);
			defaultConfigurationIsVisible = 0;
			defaultConfigurationName = Release;
		};
		4CACC00E1F2B923A00CC63F1 /* Build configuration list for PBXNativeTarget "PhotoFilters" */ = {
			isa = XCConfigurationList;
			buildConfigurations = (
				4CACC00F1F2B923A00CC63F1 /* Debug */,
				4CACC0101F2B923A00CC63F1 /* Release */,
			);
			defaultConfigurationIsVisible = 0;
		};
/* End XCConfigurationList section */
	};
	rootObject = 4CACBFF41F2B923900CC63F1 /* Project object */;
}
